
Microsoft Visual Studio Solution File, Format Version 12.00
# Visual Studio Version 16
VisualStudioVersion = 16.0.32413.511
MinimumVisualStudioVersion = 10.0.40219.1
Project("{FAE04EC0-301F-11D3-BF4B-00C04F79EFBC}") = "rtb_private_font", "rtb_private_font\rtb_private_font.csproj", "{3C1202AC-203E-49DF-804E-61A3EE87C2AF}"
EndProject
Global
	GlobalSection(SolutionConfigurationPlatforms) = preSolution
		Debug|Any CPU = Debug|Any CPU
		Release|Any CPU = Release|Any CPU
	EndGlobalSection
	GlobalSection(ProjectConfigurationPlatforms) = postSolution
		{3C1202AC-203E-49DF-804E-61A3EE87C2AF}.Debug|Any CPU.ActiveCfg = Debug|Any CPU
		{3C1202AC-203E-49DF-804E-61A3EE87C2AF}.Debug|Any CPU.Build.0 = Debug|Any CPU
		{3C1202AC-203E-49DF-804E-61A3EE87C2AF}.Release|Any CPU.ActiveCfg = Release|Any CPU
		{3C1202AC-203E-49DF-804E-61A3EE87C2AF}.Release|Any CPU.Build.0 = Release|Any CPU
	EndGlobalSection
	GlobalSection(SolutionProperties) = preSolution
		HideSolutionNode = FALSE
	EndGlobalSection
	GlobalSection(ExtensibilityGlobals) = postSolution
		SolutionGuid = {EB89F6BE-7094-41AF-B57D-8EEAFADE12BD}
	EndGlobalSection
EndGlobal
